// !$*UTF8*$!
{
	archiveVersion = 1;
	classes = {
	};
	objectVersion = 46;
	objects = {

/* Begin PBXBuildFile section */
		181359511D77C65600ACF8F2 /* AppDelegate.swift in Sources */ = {isa = PBXBuildFile; fileRef = 181359501D77C65600ACF8F2 /* AppDelegate.swift */; };
		181359531D77C65600ACF8F2 /* ViewController.swift in Sources */ = {isa = PBXBuildFile; fileRef = 181359521D77C65600ACF8F2 /* ViewController.swift */; };
		181359561D77C65600ACF8F2 /* Main.storyboard in Resources */ = {isa = PBXBuildFile; fileRef = 181359541D77C65600ACF8F2 /* Main.storyboard */; };
		181359581D77C65600ACF8F2 /* Assets.xcassets in Resources */ = {isa = PBXBuildFile; fileRef = 181359571D77C65600ACF8F2 /* Assets.xcassets */; };
		1813595B1D77C65600ACF8F2 /* LaunchScreen.storyboard in Resources */ = {isa = PBXBuildFile; fileRef = 181359591D77C65600ACF8F2 /* LaunchScreen.storyboard */; };
		181359641D77C7D100ACF8F2 /* Pessoa.swift in Sources */ = {isa = PBXBuildFile; fileRef = 181359631D77C7D100ACF8F2 /* Pessoa.swift */; };
		1813596A1D77D0AA00ACF8F2 /* PessoaViewController.swift in Sources */ = {isa = PBXBuildFile; fileRef = 181359681D77D0AA00ACF8F2 /* PessoaViewController.swift */; };
		1813596B1D77D0AA00ACF8F2 /* PessoaViewController.xib in Resources */ = {isa = PBXBuildFile; fileRef = 181359691D77D0AA00ACF8F2 /* PessoaViewController.xib */; };
/* End PBXBuildFile section */

/* Begin PBXFileReference section */
		1813594D1D77C65600ACF8F2 /* touch-3d.app */ = {isa = PBXFileReference; explicitFileType = wrapper.application; includeInIndex = 0; path = "touch-3d.app"; sourceTree = BUILT_PRODUCTS_DIR; };
		181359501D77C65600ACF8F2 /* AppDelegate.swift */ = {isa = PBXFileReference; lastKnownFileType = sourcecode.swift; path = AppDelegate.swift; sourceTree = "<group>"; };
		181359521D77C65600ACF8F2 /* ViewController.swift */ = {isa = PBXFileReference; lastKnownFileType = sourcecode.swift; path = ViewController.swift; sourceTree = "<group>"; };
		181359551D77C65600ACF8F2 /* Base */ = {isa = PBXFileReference; lastKnownFileType = file.storyboard; name = Base; path = Base.lproj/Main.storyboard; sourceTree = "<group>"; };
		181359571D77C65600ACF8F2 /* Assets.xcassets */ = {isa = PBXFileReference; lastKnownFileType = folder.assetcatalog; path = Assets.xcassets; sourceTree = "<group>"; };
		1813595A1D77C65600ACF8F2 /* Base */ = {isa = PBXFileReference; lastKnownFileType = file.storyboard; name = Base; path = Base.lproj/LaunchScreen.storyboard; sourceTree = "<group>"; };
		1813595C1D77C65600ACF8F2 /* Info.plist */ = {isa = PBXFileReference; lastKnownFileType = text.plist.xml; path = Info.plist; sourceTree = "<group>"; };
		181359631D77C7D100ACF8F2 /* Pessoa.swift */ = {isa = PBXFileReference; fileEncoding = 4; lastKnownFileType = sourcecode.swift; path = Pessoa.swift; sourceTree = "<group>"; };
		181359681D77D0AA00ACF8F2 /* PessoaViewController.swift */ = {isa = PBXFileReference; fileEncoding = 4; lastKnownFileType = sourcecode.swift; path = PessoaViewController.swift; sourceTree = "<group>"; };
		181359691D77D0AA00ACF8F2 /* PessoaViewController.xib */ = {isa = PBXFileReference; fileEncoding = 4; lastKnownFileType = file.xib; path = PessoaViewController.xib; sourceTree = "<group>"; };
/* End PBXFileReference section */

/* Begin PBXFrameworksBuildPhase section */
		1813594A1D77C65600ACF8F2 /* Frameworks */ = {
			isa = PBXFrameworksBuildPhase;
			buildActionMask = 2147483647;
			files = (
			);
			runOnlyForDeploymentPostprocessing = 0;
		};
/* End PBXFrameworksBuildPhase section */

/* Begin PBXGroup section */
		181359441D77C65600ACF8F2 = {
			isa = PBXGroup;
			children = (
				1813594F1D77C65600ACF8F2 /* touch-3d */,
				1813594E1D77C65600ACF8F2 /* Products */,
			);
			sourceTree = "<group>";
		};
		1813594E1D77C65600ACF8F2 /* Products */ = {
			isa = PBXGroup;
			children = (
				1813594D1D77C65600ACF8F2 /* touch-3d.app */,
			);
			name = Products;
			sourceTree = "<group>";
		};
		1813594F1D77C65600ACF8F2 /* touch-3d */ = {
			isa = PBXGroup;
			children = (
				181359671D77D07000ACF8F2 /* views */,
				181359621D77C7C200ACF8F2 /* models */,
				181359501D77C65600ACF8F2 /* AppDelegate.swift */,
				181359521D77C65600ACF8F2 /* ViewController.swift */,
				181359541D77C65600ACF8F2 /* Main.storyboard */,
				181359571D77C65600ACF8F2 /* Assets.xcassets */,
				181359591D77C65600ACF8F2 /* LaunchScreen.storyboard */,
				1813595C1D77C65600ACF8F2 /* Info.plist */,
				181359681D77D0AA00ACF8F2 /* PessoaViewController.swift */,
			);
			path = "touch-3d";
			sourceTree = "<group>";
		};
		181359621D77C7C200ACF8F2 /* models */ = {
			isa = PBXGroup;
			children = (
				181359631D77C7D100ACF8F2 /* Pessoa.swift */,
			);
			name = models;
			sourceTree = "<group>";
		};
		181359671D77D07000ACF8F2 /* views */ = {
			isa = PBXGroup;
			children = (
				181359691D77D0AA00ACF8F2 /* PessoaViewController.xib */,
			);
			name = views;
			sourceTree = "<group>";
		};
/* End PBXGroup section */

/* Begin PBXNativeTarget section */
		1813594C1D77C65600ACF8F2 /* touch-3d */ = {
			isa = PBXNativeTarget;
			buildConfigurationList = 1813595F1D77C65600ACF8F2 /* Build configuration list for PBXNativeTarget "touch-3d" */;
			buildPhases = (
				181359491D77C65600ACF8F2 /* Sources */,
				1813594A1D77C65600ACF8F2 /* Frameworks */,
				1813594B1D77C65600ACF8F2 /* Resources */,
			);
			buildRules = (
			);
			dependencies = (
			);
			name = "touch-3d";
			productName = "touch-3d";
			productReference = 1813594D1D77C65600ACF8F2 /* touch-3d.app */;
			productType = "com.apple.product-type.application";
		};
/* End PBXNativeTarget section */

/* Begin PBXProject section */
		181359451D77C65600ACF8F2 /* Project object */ = {
			isa = PBXProject;
			attributes = {
				LastSwiftUpdateCheck = 0730;
				LastUpgradeCheck = 0900;
				ORGANIZATIONNAME = Marcos;
				TargetAttributes = {
					1813594C1D77C65600ACF8F2 = {
						CreatedOnToolsVersion = 7.3.1;
						DevelopmentTeam = V2686JM7D9;
					};
				};
			};
			buildConfigurationList = 181359481D77C65600ACF8F2 /* Build configuration list for PBXProject "touch-3d" */;
			compatibilityVersion = "Xcode 3.2";
			developmentRegion = English;
			hasScannedForEncodings = 0;
			knownRegions = (
				en,
				Base,
			);
			mainGroup = 181359441D77C65600ACF8F2;
			productRefGroup = 1813594E1D77C65600ACF8F2 /* Products */;
			projectDirPath = "";
			projectRoot = "";
			targets = (
				1813594C1D77C65600ACF8F2 /* touch-3d */,
			);
		};
/* End PBXProject section */

/* Begin PBXResourcesBuildPhase section */
		1813594B1D77C65600ACF8F2 /* Resources */ = {
			isa = PBXResourcesBuildPhase;
			buildActionMask = 2147483647;
			files = (
				1813595B1D77C65600ACF8F2 /* LaunchScreen.storyboard in Resources */,
				181359581D77C65600ACF8F2 /* Assets.xcassets in Resources */,
				181359561D77C65600ACF8F2 /* Main.storyboard in Resources */,
				1813596B1D77D0AA00ACF8F2 /* PessoaViewController.xib in Resources */,
			);
			runOnlyForDeploymentPostprocessing = 0;
		};
/* End PBXResourcesBuildPhase section */

/* Begin PBXSourcesBuildPhase section */
		181359491D77C65600ACF8F2 /* Sources */ = {
			isa = PBXSourcesBuildPhase;
			buildActionMask = 2147483647;
			files = (
				181359531D77C65600ACF8F2 /* ViewController.swift in Sources */,
				181359641D77C7D100ACF8F2 /* Pessoa.swift in Sources */,
				181359511D77C65600ACF8F2 /* AppDelegate.swift in Sources */,
				1813596A1D77D0AA00ACF8F2 /* PessoaViewController.swift in Sources */,
			);
			runOnlyForDeploymentPostprocessing = 0;
		};
/* End PBXSourcesBuildPhase section */

/* Begin PBXVariantGroup section */
		181359541D77C65600ACF8F2 /* Main.storyboard */ = {
			isa = PBXVariantGroup;
			children = (
				181359551D77C65600ACF8F2 /* Base */,
			);
			name = Main.storyboard;
			sourceTree = "<group>";
		};
		181359591D77C65600ACF8F2 /* LaunchScreen.storyboard */ = {
			isa = PBXVariantGroup;
			children = (
				1813595A1D77C65600ACF8F2 /* Base */,
			);
			name = LaunchScreen.storyboard;
			sourceTree = "<group>";
		};
/* End PBXVariantGroup section */

/* Begin XCBuildConfiguration section */
		1813595D1D77C65600ACF8F2 /* Debug */ = {
			isa = XCBuildConfiguration;
			buildSettings = {
				ALWAYS_SEARCH_USER_PATHS = NO;
				CLANG_ANALYZER_NONNULL = YES;
				CLANG_CXX_LANGUAGE_STANDARD = "gnu++0x";
				CLANG_CXX_LIBRARY = "libc++";
				CLANG_ENABLE_MODULES = YES;
				CLANG_ENABLE_OBJC_ARC = YES;
				CLANG_WARN_BLOCK_CAPTURE_AUTORELEASING = YES;
				CLANG_WARN_BOOL_CONVERSION = YES;
				CLANG_WARN_COMMA = YES;
				CLANG_WARN_CONSTANT_CONVERSION = YES;
				CLANG_WARN_DIRECT_OBJC_ISA_USAGE = YES_ERROR;
				CLANG_WARN_EMPTY_BODY = YES;
				CLANG_WARN_ENUM_CONVERSION = YES;
				CLANG_WARN_INFINITE_RECURSION = YES;
				CLANG_WARN_INT_CONVERSION = YES;
				CLANG_WARN_NON_LITERAL_NULL_CONVERSION = YES;
				CLANG_WARN_OBJC_LITERAL_CONVERSION = YES;
				CLANG_WARN_OBJC_ROOT_CLASS = YES_ERROR;
				CLANG_WARN_RANGE_LOOP_ANALYSIS = YES;
				CLANG_WARN_STRICT_PROTOTYPES = YES;
				CLANG_WARN_SUSPICIOUS_MOVE = YES;
				CLANG_WARN_UNREACHABLE_CODE = YES;
				CLANG_WARN__DUPLICATE_METHOD_MATCH = YES;
				"CODE_SIGN_IDENTITY[sdk=iphoneos*]" = "iPhone Developer";
				COPY_PHASE_STRIP = NO;
				DEBUG_INFORMATION_FORMAT = dwarf;
				ENABLE_STRICT_OBJC_MSGSEND = YES;
				ENABLE_TESTABILITY = YES;
				GCC_C_LANGUAGE_STANDARD = gnu99;
				GCC_DYNAMIC_NO_PIC = NO;
				GCC_NO_COMMON_BLOCKS = YES;
				GCC_OPTIMIZATION_LEVEL = 0;
				GCC_PREPROCESSOR_DEFINITIONS = (
					"DEBUG=1",
					"$(inherited)",
				);
				GCC_WARN_64_TO_32_BIT_CONVERSION = YES;
				GCC_WARN_ABOUT_RETURN_TYPE = YES_ERROR;
				GCC_WARN_UNDECLARED_SELECTOR = YES;
				GCC_WARN_UNINITIALIZED_AUTOS = YES_AGGRESSIVE;
				GCC_WARN_UNUSED_FUNCTION = YES;
				GCC_WARN_UNUSED_VARIABLE = YES;
				IPHONEOS_DEPLOYMENT_TARGET = 11.0;
				MTL_ENABLE_DEBUG_INFO = YES;
				ONLY_ACTIVE_ARCH = YES;
				SDKROOT = iphoneos;
				SWIFT_OPTIMIZATION_LEVEL = "-Onone";
				SWIFT_VERSION = 4.0;
			};
			name = Debug;
		};
		1813595E1D77C65600ACF8F2 /* Release */ = {
			isa = XCBuildConfiguration;
			buildSettings = {
				ALWAYS_SEARCH_USER_PATHS = NO;
				CLANG_ANALYZER_NONNULL = YES;
				CLANG_CXX_LANGUAGE_STANDARD = "gnu++0x";
				CLANG_CXX_LIBRARY = "libc++";
				CLANG_ENABLE_MODULES = YES;
				CLANG_ENABLE_OBJC_ARC = YES;
				CLANG_WARN_BLOCK_CAPTURE_AUTORELEASING = YES;
				CLANG_WARN_BOOL_CONVERSION = YES;
				CLANG_WARN_COMMA = YES;
				CLANG_WARN_CONSTANT_CONVERSION = YES;
				CLANG_WARN_DIRECT_OBJC_ISA_USAGE = YES_ERROR;
				CLANG_WARN_EMPTY_BODY = YES;
				CLANG_WARN_ENUM_CONVERSION = YES;
				CLANG_WARN_INFINITE_RECURSION = YES;
				CLANG_WARN_INT_CONVERSION = YES;
				CLANG_WARN_NON_LITERAL_NULL_CONVERSION = YES;
				CLANG_WARN_OBJC_LITERAL_CONVERSION = YES;
				CLANG_WARN_OBJC_ROOT_CLASS = YES_ERROR;
				CLANG_WARN_RANGE_LOOP_ANALYSIS = YES;
				CLANG_WARN_STRICT_PROTOTYPES = YES;
				CLANG_WARN_SUSPICIOUS_MOVE = YES;
				CLANG_WARN_UNREACHABLE_CODE = YES;
				CLANG_WARN__DUPLICATE_METHOD_MATCH = YES;
				"CODE_SIGN_IDENTITY[sdk=iphoneos*]" = "iPhone Developer";
				COPY_PHASE_STRIP = NO;
				DEBUG_INFORMATION_FORMAT = "dwarf-with-dsym";
				ENABLE_NS_ASSERTIONS = NO;
				ENABLE_STRICT_OBJC_MSGSEND = YES;
				GCC_C_LANGUAGE_STANDARD = gnu99;
				GCC_NO_COMMON_BLOCKS = YES;
				GCC_WARN_64_TO_32_BIT_CONVERSION = YES;
				GCC_WARN_ABOUT_RETURN_TYPE = YES_ERROR;
				GCC_WARN_UNDECLARED_SELECTOR = YES;
				GCC_WARN_UNINITIALIZED_AUTOS = YES_AGGRESSIVE;
				GCC_WARN_UNUSED_FUNCTION = YES;
				GCC_WARN_UNUSED_VARIABLE = YES;
				IPHONEOS_DEPLOYMENT_TARGET = 11.0;
				MTL_ENABLE_DEBUG_INFO = NO;
				SDKROOT = iphoneos;
				SWIFT_OPTIMIZATION_LEVEL = "-Owholemodule";
				SWIFT_VERSION = 4.0;
				VALIDATE_PRODUCT = YES;
			};
			name = Release;
		};
		181359601D77C65600ACF8F2 /* Debug */ = {
			isa = XCBuildConfiguration;
			buildSettings = {
				ASSETCATALOG_COMPILER_APPICON_NAME = AppIcon;
				INFOPLIST_FILE = "touch-3d/Info.plist";
				IPHONEOS_DEPLOYMENT_TARGET = 11.0;
				LD_RUNPATH_SEARCH_PATHS = "$(inherited) @executable_path/Frameworks";
				PRODUCT_BUNDLE_IDENTIFIER = "br.com.mfelipesp.touch-3d";
				PRODUCT_NAME = "$(TARGET_NAME)";
			};
			name = Debug;
		};
		181359611D77C65600ACF8F2 /* Release */ = {
			isa = XCBuildConfiguration;
			buildSettings = {
				ASSETCATALOG_COMPILER_APPICON_NAME = AppIcon;
				INFOPLIST_FILE = "touch-3d/Info.plist";
				IPHONEOS_DEPLOYMENT_TARGET = 11.0;
				LD_RUNPATH_SEARCH_PATHS = "$(inherited) @executable_path/Frameworks";
				PRODUCT_BUNDLE_IDENTIFIER = "br.com.mfelipesp.touch-3d";
				PRODUCT_NAME = "$(TARGET_NAME)";
			};
			name = Release;
		};
/* End XCBuildConfiguration section */

/* Begin XCConfigurationList section */
		181359481D77C65600ACF8F2 /* Build configuration list for PBXProject "touch-3d" */ = {
			isa = XCConfigurationList;
			buildConfigurations = (
				1813595D1D77C65600ACF8F2 /* Debug */,
				1813595E1D77C65600ACF8F2 /* Release */,
			);
			defaultConfigurationIsVisible = 0;
			defaultConfigurationName = Release;
		};
		1813595F1D77C65600ACF8F2 /* Build configuration list for PBXNativeTarget "touch-3d" */ = {
			isa = XCConfigurationList;
			buildConfigurations = (
				181359601D77C65600ACF8F2 /* Debug */,
				181359611D77C65600ACF8F2 /* Release */,
			);
			defaultConfigurationIsVisible = 0;
			defaultConfigurationName = Release;
		};
/* End XCConfigurationList section */
	};
	rootObject = 181359451D77C65600ACF8F2 /* Project object */;
}
